
Microsoft Visual Studio Solution File, Format Version 12.00
# Visual Studio 15
Project("{FAE04EC0-301F-11D3-BF4B-00C04F79EFBC}") = "Assembly-CSharp-firstpass", "Assembly-CSharp-firstpass.csproj", "{A9C1288F-303F-9DB9-1286-609DA76659FA}"
EndProject
Project("{FAE04EC0-301F-11D3-BF4B-00C04F79EFBC}") = "Assembly-CSharp", "Assembly-CSharp.csproj", "{3ED05C4F-06A9-B622-6483-6B848F8B1BFB}"
EndProject
Project("{FAE04EC0-301F-11D3-BF4B-00C04F79EFBC}") = "Assembly-CSharp-Editor-firstpass", "Assembly-CSharp-Editor-firstpass.csproj", "{39A80CC4-B9B7-2D6E-ACF4-78AD1C9FC30E}"
EndProject
Project("{FAE04EC0-301F-11D3-BF4B-00C04F79EFBC}") = "Assembly-CSharp-Editor", "Assembly-CSharp-Editor.csproj", "{FD7AB2D1-7E5F-0520-86CF-848F8092CF9C}"
EndProject
Global
	GlobalSection(SolutionConfigurationPlatforms) = preSolution
		Debug|Any CPU = Debug|Any CPU
		Release|Any CPU = Release|Any CPU
	EndGlobalSection
	GlobalSection(ProjectConfigurationPlatforms) = postSolution
		{A9C1288F-303F-9DB9-1286-609DA76659FA}.Debug|Any CPU.ActiveCfg = Debug|Any CPU
		{A9C1288F-303F-9DB9-1286-609DA76659FA}.Debug|Any CPU.Build.0 = Debug|Any CPU
		{A9C1288F-303F-9DB9-1286-609DA76659FA}.Release|Any CPU.ActiveCfg = Release|Any CPU
		{A9C1288F-303F-9DB9-1286-609DA76659FA}.Release|Any CPU.Build.0 = Release|Any CPU
		{3ED05C4F-06A9-B622-6483-6B848F8B1BFB}.Debug|Any CPU.ActiveCfg = Debug|Any CPU
		{3ED05C4F-06A9-B622-6483-6B848F8B1BFB}.Debug|Any CPU.Build.0 = Debug|Any CPU
		{3ED05C4F-06A9-B622-6483-6B848F8B1BFB}.Release|Any CPU.ActiveCfg = Release|Any CPU
		{3ED05C4F-06A9-B622-6483-6B848F8B1BFB}.Release|Any CPU.Build.0 = Release|Any CPU
		{39A80CC4-B9B7-2D6E-ACF4-78AD1C9FC30E}.Debug|Any CPU.ActiveCfg = Debug|Any CPU
		{39A80CC4-B9B7-2D6E-ACF4-78AD1C9FC30E}.Debug|Any CPU.Build.0 = Debug|Any CPU
		{39A80CC4-B9B7-2D6E-ACF4-78AD1C9FC30E}.Release|Any CPU.ActiveCfg = Release|Any CPU
		{39A80CC4-B9B7-2D6E-ACF4-78AD1C9FC30E}.Release|Any CPU.Build.0 = Release|Any CPU
		{FD7AB2D1-7E5F-0520-86CF-848F8092CF9C}.Debug|Any CPU.ActiveCfg = Debug|Any CPU
		{FD7AB2D1-7E5F-0520-86CF-848F8092CF9C}.Debug|Any CPU.Build.0 = Debug|Any CPU
		{FD7AB2D1-7E5F-0520-86CF-848F8092CF9C}.Release|Any CPU.ActiveCfg = Release|Any CPU
		{FD7AB2D1-7E5F-0520-86CF-848F8092CF9C}.Release|Any CPU.Build.0 = Release|Any CPU
	EndGlobalSection
	GlobalSection(SolutionProperties) = preSolution
		HideSolutionNode = FALSE
	EndGlobalSection
EndGlobal
